{
  "name": "bootstrap-admin-template",
  "version": "2.4.2",
  "lockfileVersion": 1,
  "requires": true,
  "dependencies": {
    "animate.css": {
      "version": "3.7.0",
      "resolved": "https://registry.npmjs.org/animate.css/-/animate.css-3.7.0.tgz",
      "integrity": "sha512-u3iMXDJr0cxMdQocIciDiou9Au4L5f9uT+/jCtprw3s1j3HcfCuI+khF+90Ps2KdsEhM2soF7SXB4WUvI3HlXg=="
    },
    "bootstrap": {
      "version": "3.3.7",
      "resolved": "https://registry.npmjs.org/bootstrap/-/bootstrap-3.3.7.tgz",
      "integrity": "sha1-WjiTlFSfIzMIdaOxUGVldPip63E="
    },
    "cleave.js": {
      "version": "0.7.23",
      "resolved": "https://registry.npmjs.org/cleave.js/-/cleave.js-0.7.23.tgz",
      "integrity": "sha1-VaaQb7YPYRJ2qrnA3vcm7oUwxJs="
    },
    "clipboard": {
      "version": "1.7.1",
      "resolved": "https://registry.npmjs.org/clipboard/-/clipboard-1.7.1.tgz",
      "integrity": "sha1-Ng1taUbpmnof7zleQrqStem1oWs=",
      "requires": {
        "good-listener": "^1.2.2",
        "select": "^1.1.2",
        "tiny-emitter": "^2.0.0"
      }
    },
    "delegate": {
      "version": "3.2.0",
      "resolved": "https://registry.npmjs.org/delegate/-/delegate-3.2.0.tgz",
      "integrity": "sha512-IofjkYBZaZivn0V8nnsMJGBr4jVLxHDheKSW88PyxS5QC4Vo9ZbZVvhzlSxY87fVq3STR6r+4cGepyHkcWOQSw=="
    },
    "font-awesome": {
      "version": "4.7.0",
      "resolved": "https://registry.npmjs.org/font-awesome/-/font-awesome-4.7.0.tgz",
      "integrity": "sha1-j6jPBBGhoxr9B7BtKQK7n8gVoTM="
    },
    "fullcalendar": {
      "version": "3.9.0",
      "resolved": "https://registry.npmjs.org/fullcalendar/-/fullcalendar-3.9.0.tgz",
      "integrity": "sha512-bbALDK8+SBqluv8SKPDeVNtaSr87NYblte/pRgV5NnDJWCEARpRlQ1qQ/XEakcAXbMZov6rWYIvLOrtKwQo2Bg==",
      "requires": {
        "jquery": "2 - 3",
        "moment": "^2.20.1"
      }
    },
    "gmaps": {
      "version": "0.4.24",
      "resolved": "https://registry.npmjs.org/gmaps/-/gmaps-0.4.24.tgz",
      "integrity": "sha1-B/IvDPw+TjJJiVD/r9fKY1/8EAw="
    },
    "good-listener": {
      "version": "1.2.2",
      "resolved": "https://registry.npmjs.org/good-listener/-/good-listener-1.2.2.tgz",
      "integrity": "sha1-1TswzfkxPf+33JoNR3CWqm0UXFA=",
      "requires": {
        "delegate": "^3.1.2"
      }
    },
    "jquery": {
      "version": "2.2.4",
      "resolved": "https://registry.npmjs.org/jquery/-/jquery-2.2.4.tgz",
      "integrity": "sha1-LInWiJterFIqfuoywUUhVZxsvwI="
    },
    "jquery-validation": {
      "version": "1.18.0",
      "resolved": "https://registry.npmjs.org/jquery-validation/-/jquery-validation-1.18.0.tgz",
      "integrity": "sha512-+MK0pvoegfLrJnwtCU6tx305Vgp9HWevpmdVwDf5TthmINkn0wqqLD0bpa75EERlHsBBjMmza//ppx5ZQPnW3Q==",
      "requires": {
        "jquery": "^1.7 || ^2.0 || ^3.1"
      }
    },
    "metismenu": {
      "version": "2.7.9",
      "resolved": "https://registry.npmjs.org/metismenu/-/metismenu-2.7.9.tgz",
      "integrity": "sha512-l2F61AaGdqiSh0NFmTofCfI59M6EruCOTRSAmbLxZ1ZpUD1Fjdo6/ZFfyMCxHbIejLamtVVHGRwNrerR/pPmbA=="
    },
    "moment": {
      "version": "2.22.2",
      "resolved": "https://registry.npmjs.org/moment/-/moment-2.22.2.tgz",
      "integrity": "sha1-PCV/mDn8DpP/UxSWMiOeuQeD/2Y="
    },
    "onoffcanvas": {
      "version": "1.1.2",
      "resolved": "https://registry.npmjs.org/onoffcanvas/-/onoffcanvas-1.1.2.tgz",
      "integrity": "sha1-e4S05uSp2AnhPfBapcU8aacCYzw=",
      "requires": {
        "jquery": "^3.1.1"
      },
      "dependencies": {
        "jquery": {
          "version": "3.3.1",
          "resolved": "https://registry.npmjs.org/jquery/-/jquery-3.3.1.tgz",
          "integrity": "sha512-Ubldcmxp5np52/ENotGxlLe6aGMvmF4R8S6tZjsP6Knsaxd/xp3Zrh50cG93lR6nPXyUFwzN3ZSOQI0wRJNdGg=="
        }
      }
    },
    "screenfull": {
      "version": "3.3.3",
      "resolved": "https://registry.npmjs.org/screenfull/-/screenfull-3.3.3.tgz",
      "integrity": "sha512-DzYUuXr+OV2BDvYXaYzlYgJd4WXZZ2CW5NFC7Kw6TUCpzXJAx4MwlVD6CH+Mu6fi8rfAQIQfqdFZ4jtDsEkWig=="
    },
    "select": {
      "version": "1.1.2",
      "resolved": "https://registry.npmjs.org/select/-/select-1.1.2.tgz",
      "integrity": "sha1-DnNQrN7ICxEIUoeG7B1EGNEbOW0="
    },
    "tiny-emitter": {
      "version": "2.0.2",
      "resolved": "https://registry.npmjs.org/tiny-emitter/-/tiny-emitter-2.0.2.tgz",
      "integrity": "sha512-2NM0auVBGft5tee/OxP4PI3d8WItkDM+fPnaRAVo6xTDI2knbz9eC5ArWGqtGlYqiH3RU5yMpdyTTO7MguC4ow=="
    }
  }
}
